
Microsoft Visual Studio Solution File, Format Version 12.00
# Visual Studio Version 17
VisualStudioVersion = 17.2.32616.157
MinimumVisualStudioVersion = 10.0.40219.1
Project("{FAE04EC0-301F-11D3-BF4B-00C04F79EFBC}") = "Z80_RC2014", "Z80_RC2014.csproj", "{2DC10D52-E421-41A4-BBD4-20C752685861}"
EndProject
Global
	GlobalSection(SolutionConfigurationPlatforms) = preSolution
		Debug|Any CPU = Debug|Any CPU
		Release|Any CPU = Release|Any CPU
	EndGlobalSection
	GlobalSection(ProjectConfigurationPlatforms) = postSolution
		{2DC10D52-E421-41A4-BBD4-20C752685861}.Debug|Any CPU.ActiveCfg = Debug|Any CPU
		{2DC10D52-E421-41A4-BBD4-20C752685861}.Debug|Any CPU.Build.0 = Debug|Any CPU
		{2DC10D52-E421-41A4-BBD4-20C752685861}.Release|Any CPU.ActiveCfg = Release|Any CPU
		{2DC10D52-E421-41A4-BBD4-20C752685861}.Release|Any CPU.Build.0 = Release|Any CPU
	EndGlobalSection
	GlobalSection(SolutionProperties) = preSolution
		HideSolutionNode = FALSE
	EndGlobalSection
	GlobalSection(ExtensibilityGlobals) = postSolution
		SolutionGuid = {9BDEE25C-16F8-44B8-B995-A2825A7EF50A}
	EndGlobalSection
EndGlobal
